// !$*UTF8*$!
{
	archiveVersion = 1;
	classes = {
	};
	objectVersion = 56;
	objects = {

/* Begin PBXBuildFile section */
		3BC77714295D2C4F00990850 /* Sparkle in Frameworks */ = {isa = PBXBuildFile; productRef = 3BC77713295D2C4F00990850 /* Sparkle */; };
		3BDB3B8D294ECF0700ADE2E2 /* AppDelegate.swift in Sources */ = {isa = PBXBuildFile; fileRef = 3BDB3B8C294ECF0700ADE2E2 /* AppDelegate.swift */; };
		3BDB3B8F294ECF0700ADE2E2 /* ViewController.swift in Sources */ = {isa = PBXBuildFile; fileRef = 3BDB3B8E294ECF0700ADE2E2 /* ViewController.swift */; };
		3BDB3B91294ECF0800ADE2E2 /* Assets.xcassets in Resources */ = {isa = PBXBuildFile; fileRef = 3BDB3B90294ECF0800ADE2E2 /* Assets.xcassets */; };
		3BDB3B94294ECF0800ADE2E2 /* Main.storyboard in Resources */ = {isa = PBXBuildFile; fileRef = 3BDB3B92294ECF0800ADE2E2 /* Main.storyboard */; };
		3BDB3B9E294EE22800ADE2E2 /* EateryCell.swift in Sources */ = {isa = PBXBuildFile; fileRef = 3BDB3B9D294EE22800ADE2E2 /* EateryCell.swift */; };
		3BDB3BA0294F984400ADE2E2 /* Eatery.swift in Sources */ = {isa = PBXBuildFile; fileRef = 3BDB3B9F294F984400ADE2E2 /* Eatery.swift */; };
		3BDB3BA3294F986400ADE2E2 /* Dining API.swift in Sources */ = {isa = PBXBuildFile; fileRef = 3BDB3BA2294F986400ADE2E2 /* Dining API.swift */; };
		3BDB3BA9294FADF600ADE2E2 /* ListViewController.swift in Sources */ = {isa = PBXBuildFile; fileRef = 3BDB3BA8294FADF600ADE2E2 /* ListViewController.swift */; };
		3BDB3BAB294FAE1300ADE2E2 /* InfoViewController.swift in Sources */ = {isa = PBXBuildFile; fileRef = 3BDB3BAA294FAE1300ADE2E2 /* InfoViewController.swift */; };
		3BDB3BAD2950141900ADE2E2 /* CategoryCell.swift in Sources */ = {isa = PBXBuildFile; fileRef = 3BDB3BAC2950141900ADE2E2 /* CategoryCell.swift */; };
		3BDB3BAF2950142000ADE2E2 /* MenuItemCell.swift in Sources */ = {isa = PBXBuildFile; fileRef = 3BDB3BAE2950142000ADE2E2 /* MenuItemCell.swift */; };
		3BDB3BB32950262A00ADE2E2 /* EventMonitor.swift in Sources */ = {isa = PBXBuildFile; fileRef = 3BDB3BB22950262A00ADE2E2 /* EventMonitor.swift */; };
		3BDB3BB529518DB200ADE2E2 /* EateryInfo.swift in Sources */ = {isa = PBXBuildFile; fileRef = 3BDB3BB429518DB200ADE2E2 /* EateryInfo.swift */; };
/* End PBXBuildFile section */

/* Begin PBXFileReference section */
		3BC77715295D2E3700990850 /* Info.plist */ = {isa = PBXFileReference; lastKnownFileType = text.plist.xml; path = Info.plist; sourceTree = "<group>"; };
		3BDB3B89294ECF0700ADE2E2 /* DiningBar.app */ = {isa = PBXFileReference; explicitFileType = wrapper.application; includeInIndex = 0; path = DiningBar.app; sourceTree = BUILT_PRODUCTS_DIR; };
		3BDB3B8C294ECF0700ADE2E2 /* AppDelegate.swift */ = {isa = PBXFileReference; lastKnownFileType = sourcecode.swift; path = AppDelegate.swift; sourceTree = "<group>"; };
		3BDB3B8E294ECF0700ADE2E2 /* ViewController.swift */ = {isa = PBXFileReference; lastKnownFileType = sourcecode.swift; path = ViewController.swift; sourceTree = "<group>"; };
		3BDB3B90294ECF0800ADE2E2 /* Assets.xcassets */ = {isa = PBXFileReference; lastKnownFileType = folder.assetcatalog; path = Assets.xcassets; sourceTree = "<group>"; };
		3BDB3B93294ECF0800ADE2E2 /* Base */ = {isa = PBXFileReference; lastKnownFileType = file.storyboard; name = Base; path = Base.lproj/Main.storyboard; sourceTree = "<group>"; };
		3BDB3B95294ECF0800ADE2E2 /* DiningBar.entitlements */ = {isa = PBXFileReference; lastKnownFileType = text.plist.entitlements; path = DiningBar.entitlements; sourceTree = "<group>"; };
		3BDB3B9D294EE22800ADE2E2 /* EateryCell.swift */ = {isa = PBXFileReference; lastKnownFileType = sourcecode.swift; path = EateryCell.swift; sourceTree = "<group>"; };
		3BDB3B9F294F984400ADE2E2 /* Eatery.swift */ = {isa = PBXFileReference; lastKnownFileType = sourcecode.swift; path = Eatery.swift; sourceTree = "<group>"; };
		3BDB3BA2294F986400ADE2E2 /* Dining API.swift */ = {isa = PBXFileReference; lastKnownFileType = sourcecode.swift; path = "Dining API.swift"; sourceTree = "<group>"; };
		3BDB3BA8294FADF600ADE2E2 /* ListViewController.swift */ = {isa = PBXFileReference; lastKnownFileType = sourcecode.swift; path = ListViewController.swift; sourceTree = "<group>"; };
		3BDB3BAA294FAE1300ADE2E2 /* InfoViewController.swift */ = {isa = PBXFileReference; lastKnownFileType = sourcecode.swift; path = InfoViewController.swift; sourceTree = "<group>"; };
		3BDB3BAC2950141900ADE2E2 /* CategoryCell.swift */ = {isa = PBXFileReference; lastKnownFileType = sourcecode.swift; path = CategoryCell.swift; sourceTree = "<group>"; };
		3BDB3BAE2950142000ADE2E2 /* MenuItemCell.swift */ = {isa = PBXFileReference; lastKnownFileType = sourcecode.swift; path = MenuItemCell.swift; sourceTree = "<group>"; };
		3BDB3BB22950262A00ADE2E2 /* EventMonitor.swift */ = {isa = PBXFileReference; lastKnownFileType = sourcecode.swift; path = EventMonitor.swift; sourceTree = "<group>"; };
		3BDB3BB429518DB200ADE2E2 /* EateryInfo.swift */ = {isa = PBXFileReference; lastKnownFileType = sourcecode.swift; path = EateryInfo.swift; sourceTree = "<group>"; };
/* End PBXFileReference section */

/* Begin PBXFrameworksBuildPhase section */
		3BDB3B86294ECF0700ADE2E2 /* Frameworks */ = {
			isa = PBXFrameworksBuildPhase;
			buildActionMask = 2147483647;
			files = (
				3BC77714295D2C4F00990850 /* Sparkle in Frameworks */,
			);
			runOnlyForDeploymentPostprocessing = 0;
		};
/* End PBXFrameworksBuildPhase section */

/* Begin PBXGroup section */
		3BDB3B80294ECF0700ADE2E2 = {
			isa = PBXGroup;
			children = (
				3BDB3B8B294ECF0700ADE2E2 /* DiningBar */,
				3BDB3B8A294ECF0700ADE2E2 /* Products */,
			);
			sourceTree = "<group>";
		};
		3BDB3B8A294ECF0700ADE2E2 /* Products */ = {
			isa = PBXGroup;
			children = (
				3BDB3B89294ECF0700ADE2E2 /* DiningBar.app */,
			);
			name = Products;
			sourceTree = "<group>";
		};
		3BDB3B8B294ECF0700ADE2E2 /* DiningBar */ = {
			isa = PBXGroup;
			children = (
				3BDB3B8C294ECF0700ADE2E2 /* AppDelegate.swift */,
				3BDB3B92294ECF0800ADE2E2 /* Main.storyboard */,
				3BDB3B90294ECF0800ADE2E2 /* Assets.xcassets */,
				3BC77715295D2E3700990850 /* Info.plist */,
				3BDB3B8E294ECF0700ADE2E2 /* ViewController.swift */,
				3BDB3BB429518DB200ADE2E2 /* EateryInfo.swift */,
				3BDB3BB22950262A00ADE2E2 /* EventMonitor.swift */,
				3BDB3BB029501EF200ADE2E2 /* List View */,
				3BDB3BB129501F0700ADE2E2 /* Info View */,
				3BDB3BA1294F985000ADE2E2 /* Model */,
				3BDB3B95294ECF0800ADE2E2 /* DiningBar.entitlements */,
			);
			path = DiningBar;
			sourceTree = "<group>";
		};
		3BDB3BA1294F985000ADE2E2 /* Model */ = {
			isa = PBXGroup;
			children = (
				3BDB3B9F294F984400ADE2E2 /* Eatery.swift */,
				3BDB3BA2294F986400ADE2E2 /* Dining API.swift */,
			);
			path = Model;
			sourceTree = "<group>";
		};
		3BDB3BB029501EF200ADE2E2 /* List View */ = {
			isa = PBXGroup;
			children = (
				3BDB3BA8294FADF600ADE2E2 /* ListViewController.swift */,
				3BDB3B9D294EE22800ADE2E2 /* EateryCell.swift */,
			);
			path = "List View";
			sourceTree = "<group>";
		};
		3BDB3BB129501F0700ADE2E2 /* Info View */ = {
			isa = PBXGroup;
			children = (
				3BDB3BAA294FAE1300ADE2E2 /* InfoViewController.swift */,
				3BDB3BAC2950141900ADE2E2 /* CategoryCell.swift */,
				3BDB3BAE2950142000ADE2E2 /* MenuItemCell.swift */,
			);
			path = "Info View";
			sourceTree = "<group>";
		};
/* End PBXGroup section */

/* Begin PBXNativeTarget section */
		3BDB3B88294ECF0700ADE2E2 /* DiningBar */ = {
			isa = PBXNativeTarget;
			buildConfigurationList = 3BDB3B98294ECF0800ADE2E2 /* Build configuration list for PBXNativeTarget "DiningBar" */;
			buildPhases = (
				3BDB3B85294ECF0700ADE2E2 /* Sources */,
				3BDB3B86294ECF0700ADE2E2 /* Frameworks */,
				3BDB3B87294ECF0700ADE2E2 /* Resources */,
			);
			buildRules = (
			);
			dependencies = (
			);
			name = DiningBar;
			packageProductDependencies = (
				3BC77713295D2C4F00990850 /* Sparkle */,
			);
			productName = DiningBar;
			productReference = 3BDB3B89294ECF0700ADE2E2 /* DiningBar.app */;
			productType = "com.apple.product-type.application";
		};
/* End PBXNativeTarget section */

/* Begin PBXProject section */
		3BDB3B81294ECF0700ADE2E2 /* Project object */ = {
			isa = PBXProject;
			attributes = {
				BuildIndependentTargetsInParallel = 1;
				LastSwiftUpdateCheck = 1420;
				LastUpgradeCheck = 1420;
				TargetAttributes = {
					3BDB3B88294ECF0700ADE2E2 = {
						CreatedOnToolsVersion = 14.2;
					};
				};
			};
			buildConfigurationList = 3BDB3B84294ECF0700ADE2E2 /* Build configuration list for PBXProject "DiningBar" */;
			compatibilityVersion = "Xcode 14.0";
			developmentRegion = en;
			hasScannedForEncodings = 0;
			knownRegions = (
				en,
				Base,
			);
			mainGroup = 3BDB3B80294ECF0700ADE2E2;
			packageReferences = (
				3BC77712295D2C4F00990850 /* XCRemoteSwiftPackageReference "Sparkle" */,
			);
			productRefGroup = 3BDB3B8A294ECF0700ADE2E2 /* Products */;
			projectDirPath = "";
			projectRoot = "";
			targets = (
				3BDB3B88294ECF0700ADE2E2 /* DiningBar */,
			);
		};
/* End PBXProject section */

/* Begin PBXResourcesBuildPhase section */
		3BDB3B87294ECF0700ADE2E2 /* Resources */ = {
			isa = PBXResourcesBuildPhase;
			buildActionMask = 2147483647;
			files = (
				3BDB3B91294ECF0800ADE2E2 /* Assets.xcassets in Resources */,
				3BDB3B94294ECF0800ADE2E2 /* Main.storyboard in Resources */,
			);
			runOnlyForDeploymentPostprocessing = 0;
		};
/* End PBXResourcesBuildPhase section */

/* Begin PBXSourcesBuildPhase section */
		3BDB3B85294ECF0700ADE2E2 /* Sources */ = {
			isa = PBXSourcesBuildPhase;
			buildActionMask = 2147483647;
			files = (
				3BDB3B8F294ECF0700ADE2E2 /* ViewController.swift in Sources */,
				3BDB3BB32950262A00ADE2E2 /* EventMonitor.swift in Sources */,
				3BDB3BA0294F984400ADE2E2 /* Eatery.swift in Sources */,
				3BDB3BA9294FADF600ADE2E2 /* ListViewController.swift in Sources */,
				3BDB3BAD2950141900ADE2E2 /* CategoryCell.swift in Sources */,
				3BDB3BAB294FAE1300ADE2E2 /* InfoViewController.swift in Sources */,
				3BDB3BB529518DB200ADE2E2 /* EateryInfo.swift in Sources */,
				3BDB3B9E294EE22800ADE2E2 /* EateryCell.swift in Sources */,
				3BDB3BAF2950142000ADE2E2 /* MenuItemCell.swift in Sources */,
				3BDB3BA3294F986400ADE2E2 /* Dining API.swift in Sources */,
				3BDB3B8D294ECF0700ADE2E2 /* AppDelegate.swift in Sources */,
			);
			runOnlyForDeploymentPostprocessing = 0;
		};
/* End PBXSourcesBuildPhase section */

/* Begin PBXVariantGroup section */
		3BDB3B92294ECF0800ADE2E2 /* Main.storyboard */ = {
			isa = PBXVariantGroup;
			children = (
				3BDB3B93294ECF0800ADE2E2 /* Base */,
			);
			name = Main.storyboard;
			sourceTree = "<group>";
		};
/* End PBXVariantGroup section */

/* Begin XCBuildConfiguration section */
		3BDB3B96294ECF0800ADE2E2 /* Debug */ = {
			isa = XCBuildConfiguration;
			buildSettings = {
				ALWAYS_SEARCH_USER_PATHS = NO;
				CLANG_ANALYZER_NONNULL = YES;
				CLANG_ANALYZER_NUMBER_OBJECT_CONVERSION = YES_AGGRESSIVE;
				CLANG_CXX_LANGUAGE_STANDARD = "gnu++20";
				CLANG_ENABLE_MODULES = YES;
				CLANG_ENABLE_OBJC_ARC = YES;
				CLANG_ENABLE_OBJC_WEAK = YES;
				CLANG_WARN_BLOCK_CAPTURE_AUTORELEASING = YES;
				CLANG_WARN_BOOL_CONVERSION = YES;
				CLANG_WARN_COMMA = YES;
				CLANG_WARN_CONSTANT_CONVERSION = YES;
				CLANG_WARN_DEPRECATED_OBJC_IMPLEMENTATIONS = YES;
				CLANG_WARN_DIRECT_OBJC_ISA_USAGE = YES_ERROR;
				CLANG_WARN_DOCUMENTATION_COMMENTS = YES;
				CLANG_WARN_EMPTY_BODY = YES;
				CLANG_WARN_ENUM_CONVERSION = YES;
				CLANG_WARN_INFINITE_RECURSION = YES;
				CLANG_WARN_INT_CONVERSION = YES;
				CLANG_WARN_NON_LITERAL_NULL_CONVERSION = YES;
				CLANG_WARN_OBJC_IMPLICIT_RETAIN_SELF = YES;
				CLANG_WARN_OBJC_LITERAL_CONVERSION = YES;
				CLANG_WARN_OBJC_ROOT_CLASS = YES_ERROR;
				CLANG_WARN_QUOTED_INCLUDE_IN_FRAMEWORK_HEADER = YES;
				CLANG_WARN_RANGE_LOOP_ANALYSIS = YES;
				CLANG_WARN_STRICT_PROTOTYPES = YES;
				CLANG_WARN_SUSPICIOUS_MOVE = YES;
				CLANG_WARN_UNGUARDED_AVAILABILITY = YES_AGGRESSIVE;
				CLANG_WARN_UNREACHABLE_CODE = YES;
				CLANG_WARN__DUPLICATE_METHOD_MATCH = YES;
				COPY_PHASE_STRIP = NO;
				DEBUG_INFORMATION_FORMAT = dwarf;
				ENABLE_STRICT_OBJC_MSGSEND = YES;
				ENABLE_TESTABILITY = YES;
				GCC_C_LANGUAGE_STANDARD = gnu11;
				GCC_DYNAMIC_NO_PIC = NO;
				GCC_NO_COMMON_BLOCKS = YES;
				GCC_OPTIMIZATION_LEVEL = 0;
				GCC_PREPROCESSOR_DEFINITIONS = (
					"DEBUG=1",
					"$(inherited)",
				);
				GCC_WARN_64_TO_32_BIT_CONVERSION = YES;
				GCC_WARN_ABOUT_RETURN_TYPE = YES_ERROR;
				GCC_WARN_UNDECLARED_SELECTOR = YES;
				GCC_WARN_UNINITIALIZED_AUTOS = YES_AGGRESSIVE;
				GCC_WARN_UNUSED_FUNCTION = YES;
				GCC_WARN_UNUSED_VARIABLE = YES;
				MACOSX_DEPLOYMENT_TARGET = 13.1;
				MTL_ENABLE_DEBUG_INFO = INCLUDE_SOURCE;
				MTL_FAST_MATH = YES;
				ONLY_ACTIVE_ARCH = YES;
				SDKROOT = macosx;
				SWIFT_ACTIVE_COMPILATION_CONDITIONS = DEBUG;
				SWIFT_OPTIMIZATION_LEVEL = "-Onone";
			};
			name = Debug;
		};
		3BDB3B97294ECF0800ADE2E2 /* Release */ = {
			isa = XCBuildConfiguration;
			buildSettings = {
				ALWAYS_SEARCH_USER_PATHS = NO;
				CLANG_ANALYZER_NONNULL = YES;
				CLANG_ANALYZER_NUMBER_OBJECT_CONVERSION = YES_AGGRESSIVE;
				CLANG_CXX_LANGUAGE_STANDARD = "gnu++20";
				CLANG_ENABLE_MODULES = YES;
				CLANG_ENABLE_OBJC_ARC = YES;
				CLANG_ENABLE_OBJC_WEAK = YES;
				CLANG_WARN_BLOCK_CAPTURE_AUTORELEASING = YES;
				CLANG_WARN_BOOL_CONVERSION = YES;
				CLANG_WARN_COMMA = YES;
				CLANG_WARN_CONSTANT_CONVERSION = YES;
				CLANG_WARN_DEPRECATED_OBJC_IMPLEMENTATIONS = YES;
				CLANG_WARN_DIRECT_OBJC_ISA_USAGE = YES_ERROR;
				CLANG_WARN_DOCUMENTATION_COMMENTS = YES;
				CLANG_WARN_EMPTY_BODY = YES;
				CLANG_WARN_ENUM_CONVERSION = YES;
				CLANG_WARN_INFINITE_RECURSION = YES;
				CLANG_WARN_INT_CONVERSION = YES;
				CLANG_WARN_NON_LITERAL_NULL_CONVERSION = YES;
				CLANG_WARN_OBJC_IMPLICIT_RETAIN_SELF = YES;
				CLANG_WARN_OBJC_LITERAL_CONVERSION = YES;
				CLANG_WARN_OBJC_ROOT_CLASS = YES_ERROR;
				CLANG_WARN_QUOTED_INCLUDE_IN_FRAMEWORK_HEADER = YES;
				CLANG_WARN_RANGE_LOOP_ANALYSIS = YES;
				CLANG_WARN_STRICT_PROTOTYPES = YES;
				CLANG_WARN_SUSPICIOUS_MOVE = YES;
				CLANG_WARN_UNGUARDED_AVAILABILITY = YES_AGGRESSIVE;
				CLANG_WARN_UNREACHABLE_CODE = YES;
				CLANG_WARN__DUPLICATE_METHOD_MATCH = YES;
				COPY_PHASE_STRIP = NO;
				DEBUG_INFORMATION_FORMAT = "dwarf-with-dsym";
				ENABLE_NS_ASSERTIONS = NO;
				ENABLE_STRICT_OBJC_MSGSEND = YES;
				GCC_C_LANGUAGE_STANDARD = gnu11;
				GCC_NO_COMMON_BLOCKS = YES;
				GCC_WARN_64_TO_32_BIT_CONVERSION = YES;
				GCC_WARN_ABOUT_RETURN_TYPE = YES_ERROR;
				GCC_WARN_UNDECLARED_SELECTOR = YES;
				GCC_WARN_UNINITIALIZED_AUTOS = YES_AGGRESSIVE;
				GCC_WARN_UNUSED_FUNCTION = YES;
				GCC_WARN_UNUSED_VARIABLE = YES;
				MACOSX_DEPLOYMENT_TARGET = 13.1;
				MTL_ENABLE_DEBUG_INFO = NO;
				MTL_FAST_MATH = YES;
				SDKROOT = macosx;
				SWIFT_COMPILATION_MODE = wholemodule;
				SWIFT_OPTIMIZATION_LEVEL = "-O";
			};
			name = Release;
		};
		3BDB3B99294ECF0800ADE2E2 /* Debug */ = {
			isa = XCBuildConfiguration;
			buildSettings = {
				ASSETCATALOG_COMPILER_APPICON_NAME = AppIcon;
				ASSETCATALOG_COMPILER_GLOBAL_ACCENT_COLOR_NAME = AccentColor;
				CODE_SIGN_ENTITLEMENTS = DiningBar/DiningBar.entitlements;
				CODE_SIGN_STYLE = Automatic;
				COMBINE_HIDPI_IMAGES = YES;
				CURRENT_PROJECT_VERSION = 1;
				DEVELOPMENT_TEAM = AUBXDCV2VL;
				ENABLE_HARDENED_RUNTIME = YES;
				GENERATE_INFOPLIST_FILE = YES;
				INFOPLIST_FILE = DiningBar/Info.plist;
				INFOPLIST_KEY_LSApplicationCategoryType = "public.app-category.food-and-drink";
				INFOPLIST_KEY_LSUIElement = YES;
				INFOPLIST_KEY_NSHumanReadableCopyright = "";
				INFOPLIST_KEY_NSMainStoryboardFile = Main;
				INFOPLIST_KEY_NSPrincipalClass = NSApplication;
				LD_RUNPATH_SEARCH_PATHS = (
					"$(inherited)",
					"@executable_path/../Frameworks",
				);
				MACOSX_DEPLOYMENT_TARGET = 11.0;
				MARKETING_VERSION = 0.1.1;
				PRODUCT_BUNDLE_IDENTIFIER = com.camerongoddard.DiningBar;
				PRODUCT_NAME = "$(TARGET_NAME)";
				SWIFT_EMIT_LOC_STRINGS = YES;
				SWIFT_VERSION = 5.0;
			};
			name = Debug;
		};
		3BDB3B9A294ECF0800ADE2E2 /* Release */ = {
			isa = XCBuildConfiguration;
			buildSettings = {
				ASSETCATALOG_COMPILER_APPICON_NAME = AppIcon;
				ASSETCATALOG_COMPILER_GLOBAL_ACCENT_COLOR_NAME = AccentColor;
				CODE_SIGN_ENTITLEMENTS = DiningBar/DiningBar.entitlements;
				CODE_SIGN_STYLE = Automatic;
				COMBINE_HIDPI_IMAGES = YES;
				CURRENT_PROJECT_VERSION = 1;
				DEVELOPMENT_TEAM = AUBXDCV2VL;
				ENABLE_HARDENED_RUNTIME = YES;
				GENERATE_INFOPLIST_FILE = YES;
				INFOPLIST_FILE = DiningBar/Info.plist;
				INFOPLIST_KEY_LSApplicationCategoryType = "public.app-category.food-and-drink";
				INFOPLIST_KEY_LSUIElement = YES;
				INFOPLIST_KEY_NSHumanReadableCopyright = "";
				INFOPLIST_KEY_NSMainStoryboardFile = Main;
				INFOPLIST_KEY_NSPrincipalClass = NSApplication;
				LD_RUNPATH_SEARCH_PATHS = (
					"$(inherited)",
					"@executable_path/../Frameworks",
				);
				MACOSX_DEPLOYMENT_TARGET = 11.0;
				MARKETING_VERSION = 0.1.1;
				PRODUCT_BUNDLE_IDENTIFIER = com.camerongoddard.DiningBar;
				PRODUCT_NAME = "$(TARGET_NAME)";
				SWIFT_EMIT_LOC_STRINGS = YES;
				SWIFT_VERSION = 5.0;
			};
			name = Release;
		};
/* End XCBuildConfiguration section */

/* Begin XCConfigurationList section */
		3BDB3B84294ECF0700ADE2E2 /* Build configuration list for PBXProject "DiningBar" */ = {
			isa = XCConfigurationList;
			buildConfigurations = (
				3BDB3B96294ECF0800ADE2E2 /* Debug */,
				3BDB3B97294ECF0800ADE2E2 /* Release */,
			);
			defaultConfigurationIsVisible = 0;
			defaultConfigurationName = Release;
		};
		3BDB3B98294ECF0800ADE2E2 /* Build configuration list for PBXNativeTarget "DiningBar" */ = {
			isa = XCConfigurationList;
			buildConfigurations = (
				3BDB3B99294ECF0800ADE2E2 /* Debug */,
				3BDB3B9A294ECF0800ADE2E2 /* Release */,
			);
			defaultConfigurationIsVisible = 0;
			defaultConfigurationName = Release;
		};
/* End XCConfigurationList section */

/* Begin XCRemoteSwiftPackageReference section */
		3BC77712295D2C4F00990850 /* XCRemoteSwiftPackageReference "Sparkle" */ = {
			isa = XCRemoteSwiftPackageReference;
			repositoryURL = "https://github.com/sparkle-project/Sparkle";
			requirement = {
				branch = 2.x;
				kind = branch;
			};
		};
/* End XCRemoteSwiftPackageReference section */

/* Begin XCSwiftPackageProductDependency section */
		3BC77713295D2C4F00990850 /* Sparkle */ = {
			isa = XCSwiftPackageProductDependency;
			package = 3BC77712295D2C4F00990850 /* XCRemoteSwiftPackageReference "Sparkle" */;
			productName = Sparkle;
		};
/* End XCSwiftPackageProductDependency section */
	};
	rootObject = 3BDB3B81294ECF0700ADE2E2 /* Project object */;
}
